{
  "name": "wzrdry",
  "version": "0.0.0",
  "lockfileVersion": 1,
  "requires": true,
  "dependencies": {
    "ammo": {
      "version": "3.0.1",
      "resolved": "https://registry.npmjs.org/ammo/-/ammo-3.0.1.tgz",
      "integrity": "sha512-4UqoM8xQjwkQ78oiU4NbBK0UgYqeKMAKmwE4ec7Rz3rGU8ZEBFxzgF2sUYKOAlqIXExBDYLN6y1ShF5yQ4hwLQ==",
      "requires": {
        "hoek": "5.0.3"
      }
    },
    "archy": {
      "version": "1.0.0",
      "resolved": "https://registry.npmjs.org/archy/-/archy-1.0.0.tgz",
      "integrity": "sha1-+cjBN1fMHde8N5rHeyxipcKGjEA="
    },
    "backoff": {
      "version": "2.5.0",
      "resolved": "https://registry.npmjs.org/backoff/-/backoff-2.5.0.tgz",
      "integrity": "sha1-9hbtqdPktmuMp/ynn2lXIsX44m8=",
      "requires": {
        "precond": "0.2.3"
      }
    },
    "balanced-match": {
      "version": "1.0.0",
      "resolved": "https://registry.npmjs.org/balanced-match/-/balanced-match-1.0.0.tgz",
      "integrity": "sha1-ibTRmasr7kneFk6gK4nORi1xt2c="
    },
    "boom": {
      "version": "7.2.0",
      "resolved": "https://registry.npmjs.org/boom/-/boom-7.2.0.tgz",
      "integrity": "sha1-K/8kpVVldn/ehp7ICDF+sQxI6WY=",
      "requires": {
        "hoek": "5.0.3"
      }
    },
    "bounce": {
      "version": "1.2.0",
      "resolved": "https://registry.npmjs.org/bounce/-/bounce-1.2.0.tgz",
      "integrity": "sha512-8syCGe8B2/WC53118/F/tFy5aW00j+eaGPXmAUP7iBhxc+EBZZxS1vKelWyBCH6IqojgS2t1gF0glH30qAJKEw==",
      "requires": {
        "boom": "7.2.0",
        "hoek": "5.0.3"
      }
    },
    "brace-expansion": {
      "version": "1.1.11",
      "resolved": "https://registry.npmjs.org/brace-expansion/-/brace-expansion-1.1.11.tgz",
      "integrity": "sha512-iCuPHDFgrHX7H2vEI/5xpz07zSHB00TpugqhmYtVmMO6518mCuRMoOYFldEBl0g187ufozdaHgWKcYFb61qGiA==",
      "requires": {
        "balanced-match": "1.0.0",
        "concat-map": "0.0.1"
      }
    },
    "chairo": {
      "version": "4.0.0",
      "resolved": "https://registry.npmjs.org/chairo/-/chairo-4.0.0.tgz",
      "integrity": "sha512-b3rPcZfOUw2Zal8Gskz7X++Nm0iae9KWtDB04jD6CreI/V0ryYzM6ZdOcaVTOV08R5Kse4NWWnzLoMgQ9B+TvA==",
      "requires": {
        "boom": "7.1.1",
        "bounce": "1.2.0",
        "hoek": "5.0.3",
        "items": "2.1.1",
        "joi": "13.1.2",
        "jsonic": "0.3.0",
        "seneca": "3.4.3",
        "seneca-as-promised": "2.0.0"
      },
      "dependencies": {
        "boom": {
          "version": "7.1.1",
          "resolved": "https://registry.npmjs.org/boom/-/boom-7.1.1.tgz",
          "integrity": "sha512-qwEARHTliqgEQiVkzKkkbLt3q0vRPIW60VRZ8zRnbjsm7INkPe9NxfAYDDYLZOdhxyUHa1gIe639Cx7t6RH/4A==",
          "requires": {
            "hoek": "5.0.3"
          }
        },
        "joi": {
          "version": "13.1.2",
          "resolved": "https://registry.npmjs.org/joi/-/joi-13.1.2.tgz",
          "integrity": "sha512-bZZSQYW5lPXenOfENvgCBPb9+H6E6MeNWcMtikI04fKphj5tvFL9TOb+H2apJzbCrRw/jebjTH8z6IHLpBytGg==",
          "requires": {
            "hoek": "5.0.3",
            "isemail": "3.1.2",
            "topo": "3.0.0"
          }
        },
        "seneca": {
          "version": "3.4.3",
          "resolved": "https://registry.npmjs.org/seneca/-/seneca-3.4.3.tgz",
          "integrity": "sha1-8kC84FJVQwDPu6NfEjl13KtpcEo=",
          "requires": {
            "archy": "1.0.0",
            "eraro": "0.4.1",
            "gate-executor": "1.1.1",
            "gex": "0.2.2",
            "json-stringify-safe": "5.0.1",
            "jsonic": "0.3.0",
            "lodash": "4.17.4",
            "minimist": "1.2.0",
            "nid": "0.3.2",
            "norma": "0.3.0",
            "ordu": "0.1.1",
            "patrun": "0.5.1",
            "qs": "6.4.0",
            "rolling-stats": "0.1.1",
            "semver": "5.3.0",
            "seneca-log-filter": "0.1.0",
            "seneca-transport": "2.1.1",
            "use-plugin": "0.3.2",
            "wreck": "12.2.0"
          }
        }
      }
    },
    "concat-map": {
      "version": "0.0.1",
      "resolved": "https://registry.npmjs.org/concat-map/-/concat-map-0.0.1.tgz",
      "integrity": "sha1-2Klr13/Wjfd5OnMDajug1UBdR3s="
    },
    "core-util-is": {
      "version": "1.0.2",
      "resolved": "https://registry.npmjs.org/core-util-is/-/core-util-is-1.0.2.tgz",
      "integrity": "sha1-tf1UIgqivFq1eqtxQMlAdUUDwac="
    },
    "debug": {
      "version": "2.6.9",
      "resolved": "https://registry.npmjs.org/debug/-/debug-2.6.9.tgz",
      "integrity": "sha512-bC7ElrdJaJnPbAP+1EotYvqZsb3ecl5wi6Bfi6BJTUcNowp6cvspg0jXznRTKDjm/E7AdgFBVeAPVMNcKGsHMA==",
      "requires": {
        "ms": "2.0.0"
      }
    },
    "eraro": {
      "version": "0.4.1",
      "resolved": "https://registry.npmjs.org/eraro/-/eraro-0.4.1.tgz",
      "integrity": "sha1-ZThzB2mh6J/8Pwx+LJTVofhmYp0=",
      "requires": {
        "lodash": "2.4.2"
      },
      "dependencies": {
        "lodash": {
          "version": "2.4.2",
          "resolved": "https://registry.npmjs.org/lodash/-/lodash-2.4.2.tgz",
          "integrity": "sha1-+t2DS5aDBz2hebPq5tnA0VBT9z4="
        }
      }
    },
    "fs.realpath": {
      "version": "1.0.0",
      "resolved": "https://registry.npmjs.org/fs.realpath/-/fs.realpath-1.0.0.tgz",
      "integrity": "sha1-FQStJSMVjKpA20onh8sBQRmU6k8="
    },
    "gate-executor": {
      "version": "1.1.1",
      "resolved": "https://registry.npmjs.org/gate-executor/-/gate-executor-1.1.1.tgz",
      "integrity": "sha1-Zn9ncoSg2+hrbEigtK/oxISBLK8="
    },
    "gex": {
      "version": "0.2.2",
      "resolved": "https://registry.npmjs.org/gex/-/gex-0.2.2.tgz",
      "integrity": "sha1-LUCdJDCVlwjaVc9WKUxk9tiXNIc=",
      "requires": {
        "lodash": "3.10.0"
      },
      "dependencies": {
        "lodash": {
          "version": "3.10.0",
          "resolved": "https://registry.npmjs.org/lodash/-/lodash-3.10.0.tgz",
          "integrity": "sha1-k9UcZygopEFqEq9XIguoqHN+L7s="
        }
      }
    },
    "glob": {
      "version": "7.1.2",
      "resolved": "https://registry.npmjs.org/glob/-/glob-7.1.2.tgz",
      "integrity": "sha512-MJTUg1kjuLeQCJ+ccE4Vpa6kKVXkPYJ2mOCQyUuKLcLQsdrMCpBPUi8qVE6+YuaJkozeA9NusTAw3hLr8Xe5EQ==",
      "requires": {
        "fs.realpath": "1.0.0",
        "inflight": "1.0.6",
        "inherits": "2.0.3",
        "minimatch": "3.0.4",
        "once": "1.4.0",
        "path-is-absolute": "1.0.1"
      }
    },
    "graphql-resolver-loader": {
      "version": "1.0.0",
      "resolved": "https://registry.npmjs.org/graphql-resolver-loader/-/graphql-resolver-loader-1.0.0.tgz",
      "integrity": "sha512-LSn2meMcPC0wMSplzRAjEEi7DdoE+8p4DDHNdE0wPa/YjIx07171Lnex/WxG7KEWN662QPLkVd/l1itqwkbxfw==",
      "requires": {
        "glob": "7.1.2",
        "lodash": "4.17.10"
      },
      "dependencies": {
        "lodash": {
          "version": "4.17.10",
          "resolved": "https://registry.npmjs.org/lodash/-/lodash-4.17.10.tgz",
          "integrity": "sha512-UejweD1pDoXu+AD825lWwp4ZGtSwgnpZxb3JDViD7StjQz+Nb/6l093lx4OQ0foGWNRoc19mWy7BzL+UAK2iVg=="
        }
      }
    },
    "hapi-new-auth-cookie": {
      "version": "8.2.0",
      "resolved": "https://registry.npmjs.org/hapi-new-auth-cookie/-/hapi-new-auth-cookie-8.2.0.tgz",
      "integrity": "sha512-8/+OUfcCBL0fczhSHnaPaC55ppboPT04wBHfYUGfvciuOq1y98JW2iZ3NhJTWHxOAPDbq72A44Ch2CU/sj3l0Q==",
      "requires": {
        "boom": "7.2.0",
        "bounce": "1.2.0",
        "hoek": "5.0.3",
        "joi": "13.2.0"
      }
    },
    "hoek": {
      "version": "5.0.3",
      "resolved": "https://registry.npmjs.org/hoek/-/hoek-5.0.3.tgz",
      "integrity": "sha512-Bmr56pxML1c9kU+NS51SMFkiVQAb+9uFfXwyqR2tn4w2FPvmPt65eZ9aCcEfRXd9G74HkZnILC6p967pED4aiw=="
    },
    "inert": {
      "version": "5.1.0",
      "resolved": "https://registry.npmjs.org/inert/-/inert-5.1.0.tgz",
      "integrity": "sha512-5rJZbezGEkBN4QrP/HEEwsQ0N+7YzqDZrvBZrE7B0CrNY6I4XKI434aL3UNLCmbI4HzPGQs7Ae/4h1tiTMJ6Wg==",
      "requires": {
        "ammo": "3.0.1",
        "boom": "7.2.0",
        "bounce": "1.2.0",
        "hoek": "5.0.3",
        "joi": "13.2.0",
        "lru-cache": "4.1.2"
      }
    },
    "inflight": {
      "version": "1.0.6",
      "resolved": "https://registry.npmjs.org/inflight/-/inflight-1.0.6.tgz",
      "integrity": "sha1-Sb1jMdfQLQwJvJEKEHW6gWW1bfk=",
      "requires": {
        "once": "1.4.0",
        "wrappy": "1.0.2"
      }
    },
    "inherits": {
      "version": "2.0.3",
      "resolved": "https://registry.npmjs.org/inherits/-/inherits-2.0.3.tgz",
      "integrity": "sha1-Yzwsg+PaQqUC9SRmAiSA9CCCYd4="
    },
    "isarray": {
      "version": "0.0.1",
      "resolved": "https://registry.npmjs.org/isarray/-/isarray-0.0.1.tgz",
      "integrity": "sha1-ihis/Kmo9Bd+Cav8YDiTmwXR7t8="
    },
    "isemail": {
      "version": "3.1.2",
      "resolved": "https://registry.npmjs.org/isemail/-/isemail-3.1.2.tgz",
      "integrity": "sha512-zfRhJn9rFSGhzU5tGZqepRSAj3+g6oTOHxMGGriWNJZzyLPUK8H7VHpqKntegnW8KLyGA9zwuNaCoopl40LTpg==",
      "requires": {
        "punycode": "2.1.0"
      }
    },
    "items": {
      "version": "2.1.1",
      "resolved": "https://registry.npmjs.org/items/-/items-2.1.1.tgz",
      "integrity": "sha1-i9FtnIOxlSneWuoyGsqtp4NkoZg="
    },
    "joi": {
      "version": "13.2.0",
      "resolved": "https://registry.npmjs.org/joi/-/joi-13.2.0.tgz",
      "integrity": "sha512-VUzQwyCrmT2lIpxBCYq26dcK9veCQzDh84gQnCtaxCa8ePohX8JZVVsIb+E66kCUUcIvzeIpifa6eZuzqTZ3NA==",
      "requires": {
        "hoek": "5.0.3",
        "isemail": "3.1.2",
        "topo": "3.0.0"
      }
    },
    "json-stringify-safe": {
      "version": "5.0.1",
      "resolved": "https://registry.npmjs.org/json-stringify-safe/-/json-stringify-safe-5.0.1.tgz",
      "integrity": "sha1-Epai1Y/UXxmg9s4B1lcB4sc1tus="
    },
    "jsonic": {
      "version": "0.3.0",
      "resolved": "https://registry.npmjs.org/jsonic/-/jsonic-0.3.0.tgz",
      "integrity": "sha1-tUXalfVDkuWLPdoF9fLjd6bJ0b8="
    },
    "lodash": {
      "version": "4.17.4",
      "resolved": "https://registry.npmjs.org/lodash/-/lodash-4.17.4.tgz",
      "integrity": "sha1-eCA6TRwyiuHYbcpkYONptX9AVa4="
    },
    "lru-cache": {
      "version": "4.1.2",
      "resolved": "https://registry.npmjs.org/lru-cache/-/lru-cache-4.1.2.tgz",
      "integrity": "sha512-wgeVXhrDwAWnIF/yZARsFnMBtdFXOg1b8RIrhilp+0iDYN4mdQcNZElDZ0e4B64BhaxeQ5zN7PMyvu7we1kPeQ==",
      "requires": {
        "pseudomap": "1.0.2",
        "yallist": "2.1.2"
      }
    },
    "minimatch": {
      "version": "3.0.4",
      "resolved": "https://registry.npmjs.org/minimatch/-/minimatch-3.0.4.tgz",
      "integrity": "sha512-yJHVQEhyqPLUTgt9B83PXu6W3rx4MvvHvSUvToogpwoGDOUQ+yDrR0HRot+yOCdCO7u4hX3pWft6kWBBcqh0UA==",
      "requires": {
        "brace-expansion": "1.1.11"
      }
    },
    "minimist": {
      "version": "1.2.0",
      "resolved": "https://registry.npmjs.org/minimist/-/minimist-1.2.0.tgz",
      "integrity": "sha1-o1AIsg9BOD7sH7kU9M1d95omQoQ="
    },
    "ms": {
      "version": "2.0.0",
      "resolved": "https://registry.npmjs.org/ms/-/ms-2.0.0.tgz",
      "integrity": "sha1-VgiurfwAvmwpAd9fmGF4jeDVl8g="
    },
    "ndjson": {
      "version": "1.4.3",
      "resolved": "https://registry.npmjs.org/ndjson/-/ndjson-1.4.3.tgz",
      "integrity": "sha1-eqAm/jqzin2horStB7EAjnM+sjk=",
      "requires": {
        "minimist": "1.2.0",
        "split2": "0.2.1",
        "through2": "0.6.5"
      }
    },
    "nid": {
      "version": "0.3.2",
      "resolved": "https://registry.npmjs.org/nid/-/nid-0.3.2.tgz",
      "integrity": "sha1-l3qTGO1cKjjt1mJj8+r9gUPyJRo="
    },
    "norma": {
      "version": "0.3.0",
      "resolved": "https://registry.npmjs.org/norma/-/norma-0.3.0.tgz",
      "integrity": "sha1-JyZcNBEBjDLJPucZ9pLPkN7Fq2Q=",
      "requires": {
        "eraro": "0.4.1",
        "lodash": "2.4.2"
      },
      "dependencies": {
        "lodash": {
          "version": "2.4.2",
          "resolved": "https://registry.npmjs.org/lodash/-/lodash-2.4.2.tgz",
          "integrity": "sha1-+t2DS5aDBz2hebPq5tnA0VBT9z4="
        }
      }
    },
    "once": {
      "version": "1.4.0",
      "resolved": "https://registry.npmjs.org/once/-/once-1.4.0.tgz",
      "integrity": "sha1-WDsap3WWHUsROsF9nFC6753Xa9E=",
      "requires": {
        "wrappy": "1.0.2"
      }
    },
    "ordu": {
      "version": "0.1.1",
      "resolved": "https://registry.npmjs.org/ordu/-/ordu-0.1.1.tgz",
      "integrity": "sha1-nIEJSTaTyvCCmfyoTFlq64YLrqo="
    },
    "path-is-absolute": {
      "version": "1.0.1",
      "resolved": "https://registry.npmjs.org/path-is-absolute/-/path-is-absolute-1.0.1.tgz",
      "integrity": "sha1-F0uSaHNVNP+8es5r9TpanhtcX18="
    },
    "patrun": {
      "version": "0.5.1",
      "resolved": "https://registry.npmjs.org/patrun/-/patrun-0.5.1.tgz",
      "integrity": "sha1-W/83V/Tz/SvftqBNJ5QsvsPhLxw=",
      "requires": {
        "gex": "0.2.2",
        "lodash": "4.15.0"
      },
      "dependencies": {
        "lodash": {
          "version": "4.15.0",
          "resolved": "https://registry.npmjs.org/lodash/-/lodash-4.15.0.tgz",
          "integrity": "sha1-MWI5HY8BQKoiz49rPDTWt/Y9Oqk="
        }
      }
    },
    "precond": {
      "version": "0.2.3",
      "resolved": "https://registry.npmjs.org/precond/-/precond-0.2.3.tgz",
      "integrity": "sha1-qpWRvKokkj8eD0hJ0kD0fvwQdaw="
    },
    "pseudomap": {
      "version": "1.0.2",
      "resolved": "https://registry.npmjs.org/pseudomap/-/pseudomap-1.0.2.tgz",
      "integrity": "sha1-8FKijacOYYkX7wqKw0wa5aaChrM="
    },
    "punycode": {
      "version": "2.1.0",
      "resolved": "https://registry.npmjs.org/punycode/-/punycode-2.1.0.tgz",
      "integrity": "sha1-X4Y+3Im5bbCQdLrXlHvwkFbKTn0="
    },
    "qs": {
      "version": "6.4.0",
      "resolved": "https://registry.npmjs.org/qs/-/qs-6.4.0.tgz",
      "integrity": "sha1-E+JtKK1rD/qpExLNO/cI7TUecjM="
    },
    "readable-stream": {
      "version": "1.0.34",
      "resolved": "https://registry.npmjs.org/readable-stream/-/readable-stream-1.0.34.tgz",
      "integrity": "sha1-Elgg40vIQtLyqq+v5MKRbuMsFXw=",
      "requires": {
        "core-util-is": "1.0.2",
        "inherits": "2.0.3",
        "isarray": "0.0.1",
        "string_decoder": "0.10.31"
      }
    },
    "reconnect-core": {
      "version": "1.3.0",
      "resolved": "https://registry.npmjs.org/reconnect-core/-/reconnect-core-1.3.0.tgz",
      "integrity": "sha1-+65SkZp4d9hE4yRtAaLyZwHIM8g=",
      "requires": {
        "backoff": "2.5.0"
      }
    },
    "rolling-stats": {
      "version": "0.1.1",
      "resolved": "https://registry.npmjs.org/rolling-stats/-/rolling-stats-0.1.1.tgz",
      "integrity": "sha1-zVr3dKiJOzCmdIMvovSrqkeM/IA="
    },
    "semver": {
      "version": "5.3.0",
      "resolved": "https://registry.npmjs.org/semver/-/semver-5.3.0.tgz",
      "integrity": "sha1-myzl094C0XxgEq0yaqa00M9U+U8="
    },
    "seneca-as-promised": {
      "version": "2.0.0",
      "resolved": "https://registry.npmjs.org/seneca-as-promised/-/seneca-as-promised-2.0.0.tgz",
      "integrity": "sha1-w+KkaQyIUIwCqSf0JiabGZTdr7I=",
      "requires": {
        "bluebird": "3.5.1",
        "debug": "2.6.9",
        "lodash": "4.17.4"
      },
      "dependencies": {
        "bluebird": {
          "version": "3.5.1",
          "resolved": "https://registry.npmjs.org/bluebird/-/bluebird-3.5.1.tgz",
          "integrity": "sha512-MKiLiV+I1AA596t9w1sQJ8jkiSr5+ZKi0WKrYGUn6d1Fx+Ij4tIj+m2WMQSGczs5jZVxV339chE8iwk6F64wjA=="
        }
      }
    },
    "seneca-log-filter": {
      "version": "0.1.0",
      "resolved": "https://registry.npmjs.org/seneca-log-filter/-/seneca-log-filter-0.1.0.tgz",
      "integrity": "sha1-9RPed9/cwSACP4R6fGDO7Qr8ZrM=",
      "requires": {
        "lodash": "4.15.0"
      },
      "dependencies": {
        "lodash": {
          "version": "4.15.0",
          "resolved": "https://registry.npmjs.org/lodash/-/lodash-4.15.0.tgz",
          "integrity": "sha1-MWI5HY8BQKoiz49rPDTWt/Y9Oqk="
        }
      }
    },
    "seneca-transport": {
      "version": "2.1.1",
      "resolved": "https://registry.npmjs.org/seneca-transport/-/seneca-transport-2.1.1.tgz",
      "integrity": "sha1-/40aAzW/4DfKfO3fJ4KL3VUpKiI=",
      "requires": {
        "eraro": "0.4.1",
        "gex": "0.2.2",
        "jsonic": "0.2.2",
        "lodash": "4.15.0",
        "lru-cache": "4.0.1",
        "ndjson": "1.4.3",
        "nid": "0.3.2",
        "patrun": "0.5.0",
        "qs": "6.2.1",
        "reconnect-core": "1.3.0",
        "wreck": "9.0.0"
      },
      "dependencies": {
        "boom": {
          "version": "3.2.2",
          "resolved": "https://registry.npmjs.org/boom/-/boom-3.2.2.tgz",
          "integrity": "sha1-DwzF0ErcUAO4x9cfQsynJx/vDng=",
          "requires": {
            "hoek": "4.2.1"
          }
        },
        "hoek": {
          "version": "4.2.1",
          "resolved": "https://registry.npmjs.org/hoek/-/hoek-4.2.1.tgz",
          "integrity": "sha512-QLg82fGkfnJ/4iy1xZ81/9SIJiq1NGFUMGs6ParyjBZr6jW2Ufj/snDqTHixNlHdPNwN2RLVD0Pi3igeK9+JfA=="
        },
        "jsonic": {
          "version": "0.2.2",
          "resolved": "https://registry.npmjs.org/jsonic/-/jsonic-0.2.2.tgz",
          "integrity": "sha1-Enu5nfTYIWUsSKI9AlzysW5hhJE="
        },
        "lodash": {
          "version": "4.15.0",
          "resolved": "https://registry.npmjs.org/lodash/-/lodash-4.15.0.tgz",
          "integrity": "sha1-MWI5HY8BQKoiz49rPDTWt/Y9Oqk="
        },
        "lru-cache": {
          "version": "4.0.1",
          "resolved": "https://registry.npmjs.org/lru-cache/-/lru-cache-4.0.1.tgz",
          "integrity": "sha1-E0OVXtry432bnn7nJB4nxLn7cr4=",
          "requires": {
            "pseudomap": "1.0.2",
            "yallist": "2.1.2"
          }
        },
        "patrun": {
          "version": "0.5.0",
          "resolved": "https://registry.npmjs.org/patrun/-/patrun-0.5.0.tgz",
          "integrity": "sha1-d6UfdzrEkxuzU/1B1Z3mR4/GEY0=",
          "requires": {
            "gex": "0.2.2",
            "lodash": "3.10.0"
          },
          "dependencies": {
            "lodash": {
              "version": "3.10.0",
              "resolved": "https://registry.npmjs.org/lodash/-/lodash-3.10.0.tgz",
              "integrity": "sha1-k9UcZygopEFqEq9XIguoqHN+L7s="
            }
          }
        },
        "qs": {
          "version": "6.2.1",
          "resolved": "https://registry.npmjs.org/qs/-/qs-6.2.1.tgz",
          "integrity": "sha1-zgPF/wk1vB2daanxTL0Y5WjWdiU="
        },
        "wreck": {
          "version": "9.0.0",
          "resolved": "https://registry.npmjs.org/wreck/-/wreck-9.0.0.tgz",
          "integrity": "sha1-HeY9SbsHuU/nGIZLi+YxduYzMew=",
          "requires": {
            "boom": "3.2.2",
            "hoek": "4.2.1"
          }
        }
      }
    },
    "split2": {
      "version": "0.2.1",
      "resolved": "https://registry.npmjs.org/split2/-/split2-0.2.1.tgz",
      "integrity": "sha1-At2smtwD7Au3jBKC7Aecpuha6QA=",
      "requires": {
        "through2": "0.6.5"
      }
    },
    "string_decoder": {
      "version": "0.10.31",
      "resolved": "https://registry.npmjs.org/string_decoder/-/string_decoder-0.10.31.tgz",
      "integrity": "sha1-YuIDvEF2bGwoyfyEMB2rHFMQ+pQ="
    },
    "through2": {
      "version": "0.6.5",
      "resolved": "https://registry.npmjs.org/through2/-/through2-0.6.5.tgz",
      "integrity": "sha1-QaucZ7KdVyCQcUEOHXp6lozTrUg=",
      "requires": {
        "readable-stream": "1.0.34",
        "xtend": "4.0.1"
      }
    },
    "topo": {
      "version": "3.0.0",
      "resolved": "https://registry.npmjs.org/topo/-/topo-3.0.0.tgz",
      "integrity": "sha512-Tlu1fGlR90iCdIPURqPiufqAlCZYzLjHYVVbcFWDMcX7+tK8hdZWAfsMrD/pBul9jqHHwFjNdf1WaxA9vTRRhw==",
      "requires": {
        "hoek": "5.0.3"
      }
    },
    "use-plugin": {
      "version": "0.3.2",
      "resolved": "https://registry.npmjs.org/use-plugin/-/use-plugin-0.3.2.tgz",
      "integrity": "sha1-Afi4cvJMzepP15WPBX9NVb8f3/Q=",
      "requires": {
        "eraro": "0.4.1",
        "lodash": "4.15.0",
        "nid": "0.3.2",
        "norma": "0.3.0"
      },
      "dependencies": {
        "lodash": {
          "version": "4.15.0",
          "resolved": "https://registry.npmjs.org/lodash/-/lodash-4.15.0.tgz",
          "integrity": "sha1-MWI5HY8BQKoiz49rPDTWt/Y9Oqk="
        }
      }
    },
    "vision": {
      "version": "5.3.2",
      "resolved": "https://registry.npmjs.org/vision/-/vision-5.3.2.tgz",
      "integrity": "sha512-J4pEZnenx1Hz6ewx9Vtg5njulwSP7tZJFGmmiB2Ro6bN5BbZja1IEZY0eAbr/lsQd7Zxd51C4ZN5K6coFNTjvw==",
      "requires": {
        "boom": "7.2.0",
        "hoek": "5.0.3",
        "items": "2.1.1",
        "joi": "13.2.0"
      }
    },
    "wrappy": {
      "version": "1.0.2",
      "resolved": "https://registry.npmjs.org/wrappy/-/wrappy-1.0.2.tgz",
      "integrity": "sha1-tSQ9jz7BqjXxNkYFvA0QNuMKtp8="
    },
    "wreck": {
      "version": "12.2.0",
      "resolved": "https://registry.npmjs.org/wreck/-/wreck-12.2.0.tgz",
      "integrity": "sha1-ocM3HiFSv202AP9YG2acaKTT2Lg=",
      "requires": {
        "boom": "4.3.1",
        "hoek": "4.2.1"
      },
      "dependencies": {
        "boom": {
          "version": "4.3.1",
          "resolved": "https://registry.npmjs.org/boom/-/boom-4.3.1.tgz",
          "integrity": "sha1-T4owBctKfjiJ90kDD9JbluAdLjE=",
          "requires": {
            "hoek": "4.2.1"
          }
        },
        "hoek": {
          "version": "4.2.1",
          "resolved": "https://registry.npmjs.org/hoek/-/hoek-4.2.1.tgz",
          "integrity": "sha512-QLg82fGkfnJ/4iy1xZ81/9SIJiq1NGFUMGs6ParyjBZr6jW2Ufj/snDqTHixNlHdPNwN2RLVD0Pi3igeK9+JfA=="
        }
      }
    },
    "xtend": {
      "version": "4.0.1",
      "resolved": "https://registry.npmjs.org/xtend/-/xtend-4.0.1.tgz",
      "integrity": "sha1-pcbVMr5lbiPbgg77lDofBJmNY68="
    },
    "yallist": {
      "version": "2.1.2",
      "resolved": "https://registry.npmjs.org/yallist/-/yallist-2.1.2.tgz",
      "integrity": "sha1-HBH5IY8HYImkfdUS+TxmmaaoHVI="
    }
  }
}
